
Microsoft Visual Studio Solution File, Format Version 12.00
# Visual Studio 15
VisualStudioVersion = 15.0.28307.421
MinimumVisualStudioVersion = 10.0.40219.1
Project("{2150E333-8FDC-42A3-9474-1A3956D46DE8}") = "2.Application", "2.Application", "{32900038-8DDA-4095-B2E4-1E31B40398A8}"
EndProject
Project("{2150E333-8FDC-42A3-9474-1A3956D46DE8}") = "3.Repository", "3.Repository", "{4D2FEF8B-6D98-41BC-9F0C-616C0F0481DE}"
EndProject
Project("{2150E333-8FDC-42A3-9474-1A3956D46DE8}") = "1.UI", "1.UI", "{FEC2AA77-270A-4F48-BE5D-07698F5CF588}"
EndProject
Project("{2150E333-8FDC-42A3-9474-1A3956D46DE8}") = "4.Entity", "4.Entity", "{305FEF0C-1BEA-4CDE-A815-44531E54B807}"
EndProject
Project("{2150E333-8FDC-42A3-9474-1A3956D46DE8}") = "5.Infrastructure", "5.Infrastructure", "{CA9FED0D-E8BD-4273-880C-448310D88FD9}"
EndProject
Project("{9A19103F-16F7-4668-BE54-9A1E7A4F7556}") = "Qcms.IRepository", "Qcms.IRepository\Qcms.IRepository.csproj", "{694122FE-943F-4B58-B02C-4CFA3FAE46FE}"
EndProject
Project("{9A19103F-16F7-4668-BE54-9A1E7A4F7556}") = "Qcms.Repository", "Qcms.Repository\Qcms.Repository.csproj", "{FB913276-D7F8-45EE-9348-C6EE553A24E3}"
EndProject
Project("{9A19103F-16F7-4668-BE54-9A1E7A4F7556}") = "Qcms.Model", "Qcms.Model\Qcms.Model.csproj", "{8F7CE444-C3ED-4697-B0ED-7B3C902FC209}"
EndProject
Project("{9A19103F-16F7-4668-BE54-9A1E7A4F7556}") = "Qcms.Core", "Qcms.Core\Qcms.Core.csproj", "{52185BC9-2444-4247-B73A-618AD16A985E}"
EndProject
Project("{9A19103F-16F7-4668-BE54-9A1E7A4F7556}") = "Qcms.IService", "Qcms.IService\Qcms.IService.csproj", "{49533789-521A-450A-8EA6-83BD5585DB72}"
EndProject
Project("{9A19103F-16F7-4668-BE54-9A1E7A4F7556}") = "Qcms.Service", "Qcms.Service\Qcms.Service.csproj", "{A48CB306-8957-445B-B3E3-20DC638AF165}"
EndProject
Project("{9A19103F-16F7-4668-BE54-9A1E7A4F7556}") = "Qcms.Api", "Qcms.Api\Qcms.Api.csproj", "{6F09AFBF-1F79-432D-BBB4-026927FC379D}"
EndProject
Project("{2150E333-8FDC-42A3-9474-1A3956D46DE8}") = "6.Tool", "6.Tool", "{66CE05B8-D6E6-4AFF-BDAE-5EA61E9ACE05}"
EndProject
Project("{9A19103F-16F7-4668-BE54-9A1E7A4F7556}") = "Qcms.CodeGenerator", "Qcms.CodeGenerator\Qcms.CodeGenerator.csproj", "{372E6739-322D-46C0-BC96-B505590418D1}"
EndProject
Project("{9A19103F-16F7-4668-BE54-9A1E7A4F7556}") = "Qcms.SwaggerDoc", "Qcms.SwaggerDoc\Qcms.SwaggerDoc.csproj", "{60718C05-E069-4BB4-A093-2718169685F1}"
EndProject
Project("{2150E333-8FDC-42A3-9474-1A3956D46DE8}") = "7.test", "7.test", "{A68C680D-5BEE-42DB-96F7-5F114F0673CB}"
EndProject
Project("{FAE04EC0-301F-11D3-BF4B-00C04F79EFBC}") = "Qcms.Redis.Tests", "Qcms.Redis.Tests\Qcms.Redis.Tests.csproj", "{1B4B6BD8-B6D0-437C-AB26-CC4A854F7A9E}"
EndProject
Global
	GlobalSection(SolutionConfigurationPlatforms) = preSolution
		Debug|Any CPU = Debug|Any CPU
		Release|Any CPU = Release|Any CPU
	EndGlobalSection
	GlobalSection(ProjectConfigurationPlatforms) = postSolution
		{694122FE-943F-4B58-B02C-4CFA3FAE46FE}.Debug|Any CPU.ActiveCfg = Debug|Any CPU
		{694122FE-943F-4B58-B02C-4CFA3FAE46FE}.Debug|Any CPU.Build.0 = Debug|Any CPU
		{694122FE-943F-4B58-B02C-4CFA3FAE46FE}.Release|Any CPU.ActiveCfg = Release|Any CPU
		{694122FE-943F-4B58-B02C-4CFA3FAE46FE}.Release|Any CPU.Build.0 = Release|Any CPU
		{FB913276-D7F8-45EE-9348-C6EE553A24E3}.Debug|Any CPU.ActiveCfg = Debug|Any CPU
		{FB913276-D7F8-45EE-9348-C6EE553A24E3}.Debug|Any CPU.Build.0 = Debug|Any CPU
		{FB913276-D7F8-45EE-9348-C6EE553A24E3}.Release|Any CPU.ActiveCfg = Release|Any CPU
		{FB913276-D7F8-45EE-9348-C6EE553A24E3}.Release|Any CPU.Build.0 = Release|Any CPU
		{8F7CE444-C3ED-4697-B0ED-7B3C902FC209}.Debug|Any CPU.ActiveCfg = Debug|Any CPU
		{8F7CE444-C3ED-4697-B0ED-7B3C902FC209}.Debug|Any CPU.Build.0 = Debug|Any CPU
		{8F7CE444-C3ED-4697-B0ED-7B3C902FC209}.Release|Any CPU.ActiveCfg = Release|Any CPU
		{8F7CE444-C3ED-4697-B0ED-7B3C902FC209}.Release|Any CPU.Build.0 = Release|Any CPU
		{52185BC9-2444-4247-B73A-618AD16A985E}.Debug|Any CPU.ActiveCfg = Debug|Any CPU
		{52185BC9-2444-4247-B73A-618AD16A985E}.Debug|Any CPU.Build.0 = Debug|Any CPU
		{52185BC9-2444-4247-B73A-618AD16A985E}.Release|Any CPU.ActiveCfg = Release|Any CPU
		{52185BC9-2444-4247-B73A-618AD16A985E}.Release|Any CPU.Build.0 = Release|Any CPU
		{49533789-521A-450A-8EA6-83BD5585DB72}.Debug|Any CPU.ActiveCfg = Debug|Any CPU
		{49533789-521A-450A-8EA6-83BD5585DB72}.Debug|Any CPU.Build.0 = Debug|Any CPU
		{49533789-521A-450A-8EA6-83BD5585DB72}.Release|Any CPU.ActiveCfg = Release|Any CPU
		{49533789-521A-450A-8EA6-83BD5585DB72}.Release|Any CPU.Build.0 = Release|Any CPU
		{A48CB306-8957-445B-B3E3-20DC638AF165}.Debug|Any CPU.ActiveCfg = Debug|Any CPU
		{A48CB306-8957-445B-B3E3-20DC638AF165}.Debug|Any CPU.Build.0 = Debug|Any CPU
		{A48CB306-8957-445B-B3E3-20DC638AF165}.Release|Any CPU.ActiveCfg = Release|Any CPU
		{A48CB306-8957-445B-B3E3-20DC638AF165}.Release|Any CPU.Build.0 = Release|Any CPU
		{6F09AFBF-1F79-432D-BBB4-026927FC379D}.Debug|Any CPU.ActiveCfg = Debug|Any CPU
		{6F09AFBF-1F79-432D-BBB4-026927FC379D}.Debug|Any CPU.Build.0 = Debug|Any CPU
		{6F09AFBF-1F79-432D-BBB4-026927FC379D}.Release|Any CPU.ActiveCfg = Release|Any CPU
		{6F09AFBF-1F79-432D-BBB4-026927FC379D}.Release|Any CPU.Build.0 = Release|Any CPU
		{372E6739-322D-46C0-BC96-B505590418D1}.Debug|Any CPU.ActiveCfg = Debug|Any CPU
		{372E6739-322D-46C0-BC96-B505590418D1}.Debug|Any CPU.Build.0 = Debug|Any CPU
		{372E6739-322D-46C0-BC96-B505590418D1}.Release|Any CPU.ActiveCfg = Release|Any CPU
		{372E6739-322D-46C0-BC96-B505590418D1}.Release|Any CPU.Build.0 = Release|Any CPU
		{60718C05-E069-4BB4-A093-2718169685F1}.Debug|Any CPU.ActiveCfg = Debug|Any CPU
		{60718C05-E069-4BB4-A093-2718169685F1}.Debug|Any CPU.Build.0 = Debug|Any CPU
		{60718C05-E069-4BB4-A093-2718169685F1}.Release|Any CPU.ActiveCfg = Release|Any CPU
		{60718C05-E069-4BB4-A093-2718169685F1}.Release|Any CPU.Build.0 = Release|Any CPU
		{1B4B6BD8-B6D0-437C-AB26-CC4A854F7A9E}.Debug|Any CPU.ActiveCfg = Debug|Any CPU
		{1B4B6BD8-B6D0-437C-AB26-CC4A854F7A9E}.Debug|Any CPU.Build.0 = Debug|Any CPU
		{1B4B6BD8-B6D0-437C-AB26-CC4A854F7A9E}.Release|Any CPU.ActiveCfg = Release|Any CPU
		{1B4B6BD8-B6D0-437C-AB26-CC4A854F7A9E}.Release|Any CPU.Build.0 = Release|Any CPU
	EndGlobalSection
	GlobalSection(SolutionProperties) = preSolution
		HideSolutionNode = FALSE
	EndGlobalSection
	GlobalSection(NestedProjects) = preSolution
		{694122FE-943F-4B58-B02C-4CFA3FAE46FE} = {4D2FEF8B-6D98-41BC-9F0C-616C0F0481DE}
		{FB913276-D7F8-45EE-9348-C6EE553A24E3} = {4D2FEF8B-6D98-41BC-9F0C-616C0F0481DE}
		{8F7CE444-C3ED-4697-B0ED-7B3C902FC209} = {305FEF0C-1BEA-4CDE-A815-44531E54B807}
		{52185BC9-2444-4247-B73A-618AD16A985E} = {CA9FED0D-E8BD-4273-880C-448310D88FD9}
		{49533789-521A-450A-8EA6-83BD5585DB72} = {32900038-8DDA-4095-B2E4-1E31B40398A8}
		{A48CB306-8957-445B-B3E3-20DC638AF165} = {32900038-8DDA-4095-B2E4-1E31B40398A8}
		{6F09AFBF-1F79-432D-BBB4-026927FC379D} = {FEC2AA77-270A-4F48-BE5D-07698F5CF588}
		{372E6739-322D-46C0-BC96-B505590418D1} = {66CE05B8-D6E6-4AFF-BDAE-5EA61E9ACE05}
		{60718C05-E069-4BB4-A093-2718169685F1} = {66CE05B8-D6E6-4AFF-BDAE-5EA61E9ACE05}
		{1B4B6BD8-B6D0-437C-AB26-CC4A854F7A9E} = {A68C680D-5BEE-42DB-96F7-5F114F0673CB}
	EndGlobalSection
	GlobalSection(ExtensibilityGlobals) = postSolution
		SolutionGuid = {D153BDF2-6B32-4C31-B607-4CF5A04B1347}
	EndGlobalSection
EndGlobal
